
Microsoft Visual Studio Solution File, Format Version 11.00
# Visual Studio 2010
Project("{FAE04EC0-301F-11D3-BF4B-00C04F79EFBC}") = "NFA2DFA", "NFA2DFA\NFA2DFA.csproj", "{F26D7A5D-2B9D-477C-8905-B06CF5792CE1}"
EndProject
Project("{FAE04EC0-301F-11D3-BF4B-00C04F79EFBC}") = "GraphLibrary", "..\GraphLibrary\GraphLibrary.csproj", "{190FB332-7425-45DB-9568-63B01147DA0C}"
EndProject
Global
	GlobalSection(SolutionConfigurationPlatforms) = preSolution
		Debug|Any CPU = Debug|Any CPU
		Debug|Mixed Platforms = Debug|Mixed Platforms
		Debug|x86 = Debug|x86
		Release|Any CPU = Release|Any CPU
		Release|Mixed Platforms = Release|Mixed Platforms
		Release|x86 = Release|x86
	EndGlobalSection
	GlobalSection(ProjectConfigurationPlatforms) = postSolution
		{F26D7A5D-2B9D-477C-8905-B06CF5792CE1}.Debug|Any CPU.ActiveCfg = Debug|x86
		{F26D7A5D-2B9D-477C-8905-B06CF5792CE1}.Debug|Mixed Platforms.ActiveCfg = Debug|x86
		{F26D7A5D-2B9D-477C-8905-B06CF5792CE1}.Debug|Mixed Platforms.Build.0 = Debug|x86
		{F26D7A5D-2B9D-477C-8905-B06CF5792CE1}.Debug|x86.ActiveCfg = Debug|x86
		{F26D7A5D-2B9D-477C-8905-B06CF5792CE1}.Debug|x86.Build.0 = Debug|x86
		{F26D7A5D-2B9D-477C-8905-B06CF5792CE1}.Release|Any CPU.ActiveCfg = Release|x86
		{F26D7A5D-2B9D-477C-8905-B06CF5792CE1}.Release|Mixed Platforms.ActiveCfg = Release|x86
		{F26D7A5D-2B9D-477C-8905-B06CF5792CE1}.Release|Mixed Platforms.Build.0 = Release|x86
		{F26D7A5D-2B9D-477C-8905-B06CF5792CE1}.Release|x86.ActiveCfg = Release|x86
		{F26D7A5D-2B9D-477C-8905-B06CF5792CE1}.Release|x86.Build.0 = Release|x86
		{190FB332-7425-45DB-9568-63B01147DA0C}.Debug|Any CPU.ActiveCfg = Debug|Any CPU
		{190FB332-7425-45DB-9568-63B01147DA0C}.Debug|Any CPU.Build.0 = Debug|Any CPU
		{190FB332-7425-45DB-9568-63B01147DA0C}.Debug|Mixed Platforms.ActiveCfg = Debug|Any CPU
		{190FB332-7425-45DB-9568-63B01147DA0C}.Debug|Mixed Platforms.Build.0 = Debug|Any CPU
		{190FB332-7425-45DB-9568-63B01147DA0C}.Debug|x86.ActiveCfg = Debug|Any CPU
		{190FB332-7425-45DB-9568-63B01147DA0C}.Release|Any CPU.ActiveCfg = Release|Any CPU
		{190FB332-7425-45DB-9568-63B01147DA0C}.Release|Any CPU.Build.0 = Release|Any CPU
		{190FB332-7425-45DB-9568-63B01147DA0C}.Release|Mixed Platforms.ActiveCfg = Release|Any CPU
		{190FB332-7425-45DB-9568-63B01147DA0C}.Release|Mixed Platforms.Build.0 = Release|Any CPU
		{190FB332-7425-45DB-9568-63B01147DA0C}.Release|x86.ActiveCfg = Release|Any CPU
	EndGlobalSection
	GlobalSection(SolutionProperties) = preSolution
		HideSolutionNode = FALSE
	EndGlobalSection
EndGlobal
